PODS:
  - Alamofire (5.8.1)
  - CombineCocoa (0.4.1)
  - FirebaseCore (10.17.0):
  - DropDown (2.3.13)
    - FirebaseCoreInternal (~> 10.0)
    - GoogleUtilities/Environment (~> 7.8)
    - GoogleUtilities/Logger (~> 7.8)
  - FirebaseCoreInternal (10.17.0):
    - "GoogleUtilities/NSData+zlib (~> 7.8)"
  - FirebaseDynamicLinks (10.17.0):
    - FirebaseCore (~> 10.0)
  - GoogleUtilities/Environment (7.12.0):
    - PromisesObjC (< 3.0, >= 1.2)
  - GoogleUtilities/Logger (7.12.0):
    - GoogleUtilities/Environment
  - "GoogleUtilities/NSData+zlib (7.12.0)"
  - KakaoSDKAuth (2.18.2):
    - KakaoSDKCommon (= 2.18.2)
  - KakaoSDKCommon (2.18.2):
    - KakaoSDKCommon/Common (= 2.18.2)
    - KakaoSDKCommon/Network (= 2.18.2)
  - KakaoSDKCommon/Common (2.18.2)
  - KakaoSDKCommon/Network (2.18.2):
    - Alamofire (~> 5.1)
    - KakaoSDKCommon/Common (= 2.16.0)
  - KakaoSDKShare (2.16.0):
    - KakaoSDKCommon (= 2.16.0)
    - KakaoSDKTemplate (= 2.16.0)
  - KakaoSDKTemplate (2.16.0):
    - KakaoSDKCommon/Common (= 2.16.0)
  - KakaoSDKUser (2.16.0):
    - KakaoSDKAuth (= 2.16.0)
  - Kingfisher (7.9.0)
  - Moya (15.0.0):
    - Moya/Core (= 15.0.0)
  - Moya/Core (15.0.0):
    - Alamofire (~> 5.0)
  - NMapsGeometry (1.0.1)
  - NMapsMap (3.17.0):
    - NMapsGeometry
  - PromisesObjC (2.3.1)
  - SnapKit (5.6.0)
  - Then (3.0.0)

DEPENDENCIES:
  - FirebaseDynamicLinks
  - KakaoSDKAuth
  - KakaoSDKCommon
  - KakaoSDKShare
  - KakaoSDKTalk
  - KakaoSDKTemplate
  - KakaoSDKUser
  - Kingfisher (~> 7.0)
  - Moya (~> 15.0)
  - NMapsMap
  - SnapKit (~> 5.6.0)
  - Then

SPEC REPOS:
  trunk:
    - Alamofire
    - CombineCocoa
    - FirebaseCore
    - FirebaseCoreInternal
    - FirebaseDynamicLinks
    - GoogleUtilities
    - KakaoSDKAuth
    - KakaoSDKCommon
    - KakaoSDKShare
    - KakaoSDKTalk
    - KakaoSDKTemplate
    - KakaoSDKUser
    - Kingfisher
    - Moya
    - NMapsGeometry
    - NMapsMap
    - PromisesObjC
    - SnapKit
    - Then

EXTERNAL SOURCES:
  DropDown:
    :commit: 95ee36f7bd925d466033c2c169979f1c574bf3b9
    :git: https://github.com/thingineeer/DropDown.git

CHECKOUT OPTIONS:
  DropDown:
    :commit: 95ee36f7bd925d466033c2c169979f1c574bf3b9
    :git: https://github.com/thingineeer/DropDown.git

SPEC CHECKSUMS:
  Alamofire: 0123a34370cb170936ae79a8df46cc62b2edeb88
  DropDown: bf260fd688978138019ad7d94f63a2362dad85ba
  FirebaseCore: 6fc17ac9f03509d51c131298aacb3ee5698b4f02
  FirebaseCoreInternal: d558159ee6cc4b823c2296ecc193de9f6d9a5bb3
  FirebaseDynamicLinks: 0eaabff2d0e5d0e576c0227227b00771aa2f3aaf
  GoogleUtilities: 13e2c67ede716b8741c7989e26893d151b2b2084
  KakaoSDKAuth: 1b85ed7c41b0517bfd1fc9dc46c292c75b8cb610
  KakaoSDKCommon: d6579aa2e9d963d74e13d741cbf1cce48b8b0c17
  KakaoSDKShare: efc0415c4f33274232604eeaf96fb03641facdca
  KakaoSDKTalk: 44545bd9a1ebc144795eb6e927960b10cf8252f5
  KakaoSDKTemplate: 7e478a3cda6f5879b475546bfcd667b464fbb6d0
  KakaoSDKUser: 427e5b3884abd19ee6d9a7bd6e3f3029eb2968b8
  Kingfisher: 59f908b6d2f403b0a3e539debb0eec05cb27002c
  CombineCocoa: e5210dbfb480ff251078929459ac17e750e7af1d
  Moya: 138f0573e53411fb3dc17016add0b748dfbd78ee
  NMapsGeometry: 53c573ead66466681cf123f99f698dc8071a4b83
  NMapsMap: a5b909a31b6f3d27a670f6eb2ddc913c38975474
  PromisesObjC: c50d2056b5253dadbd6c2bea79b0674bd5a52fa4
  SnapKit: e01d52ebb8ddbc333eefe2132acf85c8227d9c25
  Then: 844265ae87834bbe1147d91d5d41a404da2ec27d

PODFILE CHECKSUM: 9cec08e47233bfd653e7a2b2c95bde1b7426add8

COCOAPODS: 1.12.1
